{
  "name": "jacobmgevans",
  "version": "0.0.0",
  "lockfileVersion": 2,
  "requires": true,
  "packages": {
    "": {
      "name": "jacobmgevans",
      "version": "0.0.0",
      "dependencies": {
        "wrangler": "^0.0.0-78acd24"
      },
      "devDependencies": {
        "@cloudflare/workers-types": "^3.3.1",
        "typescript": "^4.5.5"
      }
    },
    "node_modules/@cloudflare/workers-types": {
      "version": "3.3.1",
      "resolved": "https://registry.npmjs.org/@cloudflare/workers-types/-/workers-types-3.3.1.tgz",
      "integrity": "sha512-GJFDgWd8ZHlr/m+Q2mp4xUl0/FIPpR6kf0Ix2C78E9HeJyUCW0c0w2EKCvgEDFFKB2rkzIX3eBqZCnLsbsw8zQ==",
      "dev": true
    },
    "node_modules/@iarna/toml": {
      "version": "2.2.5",
      "resolved": "https://registry.npmjs.org/@iarna/toml/-/toml-2.2.5.tgz",
      "integrity": "sha512-trnsAYxU3xnS1gPHPyU961coFyLkh4gAD/0zQ5mymY4yOZ+CYvsPqUbOFSw0aDM4y0tV7tiFxL/1XfXPNC6IPg=="
    },
    "node_modules/@miniflare/cache": {
      "version": "2.3.0",
      "resolved": "https://registry.npmjs.org/@miniflare/cache/-/cache-2.3.0.tgz",
      "integrity": "sha512-lOf3WVtrs0ac7KOtsQ+JOGHWR90zsqqJbolE+Wt4hIZuvM2U3t1RD2Ms7U20J301msVIsBAd02IL57H95LXQtQ==",
      "dependencies": {
        "@miniflare/core": "2.3.0",
        "@miniflare/shared": "2.3.0",
        "http-cache-semantics": "^4.1.0",
        "undici": "4.13.0"
      },
      "engines": {
        "node": ">=16.7"
      }
    },
    "node_modules/@miniflare/cli-parser": {
      "version": "2.3.0",
      "resolved": "https://registry.npmjs.org/@miniflare/cli-parser/-/cli-parser-2.3.0.tgz",
      "integrity": "sha512-yQzU+OBBvWshr9qVxAe6bWXJLNfpmLYrfkfR3u+rPOo2LYnccWg0f/8jtxrXM1TIyu+tCOJGqCODpO//XtrwWw==",
      "dependencies": {
        "@miniflare/shared": "2.3.0",
        "kleur": "^4.1.4"
      },
      "engines": {
        "node": ">=16.7"
      }
    },
    "node_modules/@miniflare/core": {
      "version": "2.3.0",
      "resolved": "https://registry.npmjs.org/@miniflare/core/-/core-2.3.0.tgz",
      "integrity": "sha512-Dltb3p+Uq5Lx53DuInckHYaDoMrBq49HE/p/oUDXmzHmQy7EAM6v+nJGKmiM9Uen4OqyqsmlmPWqntSMjaX7Jg==",
      "dependencies": {
        "@iarna/toml": "^2.2.5",
        "@miniflare/shared": "2.3.0",
        "@miniflare/watcher": "2.3.0",
        "busboy": "^0.3.1",
        "dotenv": "^10.0.0",
        "kleur": "^4.1.4",
        "set-cookie-parser": "^2.4.8",
        "undici": "4.13.0"
      },
      "engines": {
        "node": ">=16.7"
      }
    },
    "node_modules/@miniflare/durable-objects": {
      "version": "2.3.0",
      "resolved": "https://registry.npmjs.org/@miniflare/durable-objects/-/durable-objects-2.3.0.tgz",
      "integrity": "sha512-YuzxBBu9xBU3xxD4TzGdeVVMXrE76AWJE4MIqkJR5UmASqayyv//cApGw3+C01NHe07cpbrTM1QTgFo2eBncwQ==",
      "dependencies": {
        "@miniflare/core": "2.3.0",
        "@miniflare/shared": "2.3.0",
        "@miniflare/storage-memory": "2.3.0",
        "undici": "4.13.0"
      },
      "engines": {
        "node": ">=16.7"
      }
    },
    "node_modules/@miniflare/html-rewriter": {
      "version": "2.3.0",
      "resolved": "https://registry.npmjs.org/@miniflare/html-rewriter/-/html-rewriter-2.3.0.tgz",
      "integrity": "sha512-cyWhmQgzhtRlBeg0mxP5FmAq/75ChuLwWQlhokx88XkGnteuh0/DOk3OxIMaveF2oDHKmIlLFgSlzv4NbT1Mng==",
      "dependencies": {
        "@miniflare/core": "2.3.0",
        "@miniflare/shared": "2.3.0",
        "html-rewriter-wasm": "^0.4.1",
        "undici": "4.13.0"
      },
      "engines": {
        "node": ">=16.7"
      }
    },
    "node_modules/@miniflare/http-server": {
      "version": "2.3.0",
      "resolved": "https://registry.npmjs.org/@miniflare/http-server/-/http-server-2.3.0.tgz",
      "integrity": "sha512-jTzsRuro3yWVb4T85znBGw1w+ydimgi2PJvHrTuGFKDjFam+R037fGH+HZCAjAgPiBHTroXfkeSXypJLXbQBEg==",
      "dependencies": {
        "@miniflare/core": "2.3.0",
        "@miniflare/shared": "2.3.0",
        "@miniflare/web-sockets": "2.3.0",
        "kleur": "^4.1.4",
        "selfsigned": "^2.0.0",
        "undici": "4.13.0",
        "ws": "^8.2.2",
        "youch": "^2.2.2"
      },
      "engines": {
        "node": ">=16.7"
      }
    },
    "node_modules/@miniflare/kv": {
      "version": "2.3.0",
      "resolved": "https://registry.npmjs.org/@miniflare/kv/-/kv-2.3.0.tgz",
      "integrity": "sha512-m0zu5sRoaFDm+WVTnLRrz8+77b6eVxQN7cLN6ZQiKP3Nd8cAggPdaIIef8dVksWbPvOW9DztoUVZTB1v9EOaLA==",
      "dependencies": {
        "@miniflare/shared": "2.3.0"
      },
      "engines": {
        "node": ">=16.7"
      }
    },
    "node_modules/@miniflare/runner-vm": {
      "version": "2.3.0",
      "resolved": "https://registry.npmjs.org/@miniflare/runner-vm/-/runner-vm-2.3.0.tgz",
      "integrity": "sha512-/aB997YodNcRFxtlnvEn4BJSIqKXRw29FexOqCWwWv+b7XQkTTxd4IfSocIFi6du3265gp85icqP/hxsLAQBVg==",
      "dependencies": {
        "@miniflare/shared": "2.3.0"
      },
      "engines": {
        "node": ">=16.7"
      }
    },
    "node_modules/@miniflare/scheduler": {
      "version": "2.3.0",
      "resolved": "https://registry.npmjs.org/@miniflare/scheduler/-/scheduler-2.3.0.tgz",
      "integrity": "sha512-Er80srMNXbxqGbYXtiZkD8UlveHsw4cpwcytQgsEJCHG7/48vC/rpmtN0zKOWFEHifaOUvHhURZRJu+S2E4Stg==",
      "dependencies": {
        "@miniflare/core": "2.3.0",
        "@miniflare/shared": "2.3.0",
        "cron-schedule": "^3.0.4"
      },
      "engines": {
        "node": ">=16.7"
      }
    },
    "node_modules/@miniflare/shared": {
      "version": "2.3.0",
      "resolved": "https://registry.npmjs.org/@miniflare/shared/-/shared-2.3.0.tgz",
      "integrity": "sha512-TvCSUe1op5AKINx3zHSSdfAbdoV3eSF3MzeVQA4+1NmtuefY8cjujQCdILeAxg3oPbHXaZkc7j1zZ13rYdvwGQ==",
      "dependencies": {
        "ignore": "^5.1.8",
        "kleur": "^4.1.4"
      },
      "engines": {
        "node": ">=16.7"
      }
    },
    "node_modules/@miniflare/sites": {
      "version": "2.3.0",
      "resolved": "https://registry.npmjs.org/@miniflare/sites/-/sites-2.3.0.tgz",
      "integrity": "sha512-WkRBxQbf6k/eS1D/D1mw30Zs253TFeIkWFh8HQ8Z36Kdt79rNVezT9YmRpahUfvYXmubTquV5JftNOAhvbOJXA==",
      "dependencies": {
        "@miniflare/kv": "2.3.0",
        "@miniflare/shared": "2.3.0",
        "@miniflare/storage-file": "2.3.0"
      },
      "engines": {
        "node": ">=16.7"
      }
    },
    "node_modules/@miniflare/storage-file": {
      "version": "2.3.0",
      "resolved": "https://registry.npmjs.org/@miniflare/storage-file/-/storage-file-2.3.0.tgz",
      "integrity": "sha512-1rda/MC0R8wVC6N7Na2EdSGNAZv6o/yugp7Z+GikJ1vbgi1+9soAczDzFtaq4jrBzAkCFOMT79DgkSKSl59vxg==",
      "dependencies": {
        "@miniflare/shared": "2.3.0",
        "@miniflare/storage-memory": "2.3.0"
      },
      "engines": {
        "node": ">=16.7"
      }
    },
    "node_modules/@miniflare/storage-memory": {
      "version": "2.3.0",
      "resolved": "https://registry.npmjs.org/@miniflare/storage-memory/-/storage-memory-2.3.0.tgz",
      "integrity": "sha512-cMqQK9neRySchoNUVhQYOmLFrYkAjT5V113Wfxmsz93dladQ1/mXOsndqPrlb+5hhnwbw4Ns67nyzkHUe9sX/g==",
      "dependencies": {
        "@miniflare/shared": "2.3.0"
      },
      "engines": {
        "node": ">=16.7"
      }
    },
    "node_modules/@miniflare/watcher": {
      "version": "2.3.0",
      "resolved": "https://registry.npmjs.org/@miniflare/watcher/-/watcher-2.3.0.tgz",
      "integrity": "sha512-G0ZE9WHIcdR2TlPXwwQabULDIMZ9LujfC0tn+yXmPXKxgWoJWcWFmUbkhVDcOJzkIz2TAhRlLbW11n8nChUHFQ==",
      "dependencies": {
        "@miniflare/shared": "2.3.0"
      },
      "engines": {
        "node": ">=16.7"
      }
    },
    "node_modules/@miniflare/web-sockets": {
      "version": "2.3.0",
      "resolved": "https://registry.npmjs.org/@miniflare/web-sockets/-/web-sockets-2.3.0.tgz",
      "integrity": "sha512-3xcPG1vfiMb2obVC4jNtS5VzUxzM1rdUrWPCG86gpZaHky0xC1U7Tp+eFdxQFTty99HPYrrVKXl1ww2h1LGWRA==",
      "dependencies": {
        "@miniflare/core": "2.3.0",
        "@miniflare/shared": "2.3.0",
        "undici": "4.13.0",
        "ws": "^8.2.2"
      },
      "engines": {
        "node": ">=16.7"
      }
    },
    "node_modules/@types/stack-trace": {
      "version": "0.0.29",
      "resolved": "https://registry.npmjs.org/@types/stack-trace/-/stack-trace-0.0.29.tgz",
      "integrity": "sha512-TgfOX+mGY/NyNxJLIbDWrO9DjGoVSW9+aB8H2yy1fy32jsvxijhmyJI9fDFgvz3YP4lvJaq9DzdR/M1bOgVc9g=="
    },
    "node_modules/buffer-from": {
      "version": "1.1.2",
      "resolved": "https://registry.npmjs.org/buffer-from/-/buffer-from-1.1.2.tgz",
      "integrity": "sha512-E+XQCRwSbaaiChtv6k6Dwgc+bx+Bs6vuKJHHl5kox/BaKbhiXzqQOwK4cO22yElGp2OCmjwVhT3HmxgyPGnJfQ=="
    },
    "node_modules/busboy": {
      "version": "0.3.1",
      "resolved": "https://registry.npmjs.org/busboy/-/busboy-0.3.1.tgz",
      "integrity": "sha512-y7tTxhGKXcyBxRKAni+awqx8uqaJKrSFSNFSeRG5CsWNdmy2BIK+6VGWEW7TZnIO/533mtMEA4rOevQV815YJw==",
      "dependencies": {
        "dicer": "0.3.0"
      },
      "engines": {
        "node": ">=4.5.0"
      }
    },
    "node_modules/cookie": {
      "version": "0.4.2",
      "resolved": "https://registry.npmjs.org/cookie/-/cookie-0.4.2.tgz",
      "integrity": "sha512-aSWTXFzaKWkvHO1Ny/s+ePFpvKsPnjc551iI41v3ny/ow6tBG5Vd+FuqGNhh1LxOmVzOlGUriIlOaokOvhaStA==",
      "engines": {
        "node": ">= 0.6"
      }
    },
    "node_modules/cron-schedule": {
      "version": "3.0.4",
      "resolved": "https://registry.npmjs.org/cron-schedule/-/cron-schedule-3.0.4.tgz",
      "integrity": "sha512-wEspID2dNPfWyh7t2ZvE4Izunzk20QacZg8oZcqfTrN1j5kImj0CEYT3ZGZo+KqGQUgRc9tKlEJmY4uFVt4ccA=="
    },
    "node_modules/dicer": {
      "version": "0.3.0",
      "resolved": "https://registry.npmjs.org/dicer/-/dicer-0.3.0.tgz",
      "integrity": "sha512-MdceRRWqltEG2dZqO769g27N/3PXfcKl04VhYnBlo2YhH7zPi88VebsjTKclaOyiuMaGU72hTfw3VkUitGcVCA==",
      "dependencies": {
        "streamsearch": "0.1.2"
      },
      "engines": {
        "node": ">=4.5.0"
      }
    },
    "node_modules/dotenv": {
      "version": "10.0.0",
      "resolved": "https://registry.npmjs.org/dotenv/-/dotenv-10.0.0.tgz",
      "integrity": "sha512-rlBi9d8jpv9Sf1klPjNfFAuWDjKLwTIJJ/VxtoTwIR6hnZxcEOQCZg2oIL3MWBYw5GpUDKOEnND7LXTbIpQ03Q==",
      "engines": {
        "node": ">=10"
      }
    },
    "node_modules/esbuild": {
      "version": "0.14.14",
      "resolved": "https://registry.npmjs.org/esbuild/-/esbuild-0.14.14.tgz",
      "integrity": "sha512-aiK4ddv+uui0k52OqSHu4xxu+SzOim7Rlz4i25pMEiC8rlnGU0HJ9r+ZMfdWL5bzifg+nhnn7x4NSWTeehYblg==",
      "hasInstallScript": true,
      "bin": {
        "esbuild": "bin/esbuild"
      },
      "optionalDependencies": {
        "esbuild-android-arm64": "0.14.14",
        "esbuild-darwin-64": "0.14.14",
        "esbuild-darwin-arm64": "0.14.14",
        "esbuild-freebsd-64": "0.14.14",
        "esbuild-freebsd-arm64": "0.14.14",
        "esbuild-linux-32": "0.14.14",
        "esbuild-linux-64": "0.14.14",
        "esbuild-linux-arm": "0.14.14",
        "esbuild-linux-arm64": "0.14.14",
        "esbuild-linux-mips64le": "0.14.14",
        "esbuild-linux-ppc64le": "0.14.14",
        "esbuild-linux-s390x": "0.14.14",
        "esbuild-netbsd-64": "0.14.14",
        "esbuild-openbsd-64": "0.14.14",
        "esbuild-sunos-64": "0.14.14",
        "esbuild-windows-32": "0.14.14",
        "esbuild-windows-64": "0.14.14",
        "esbuild-windows-arm64": "0.14.14"
      }
    },
    "node_modules/esbuild-android-arm64": {
      "version": "0.14.14",
      "resolved": "https://registry.npmjs.org/esbuild-android-arm64/-/esbuild-android-arm64-0.14.14.tgz",
      "integrity": "sha512-be/Uw6DdpQiPfula1J4bdmA+wtZ6T3BRCZsDMFB5X+k0Gp8TIh9UvmAcqvKNnbRAafSaXG3jPCeXxDKqnc8hFQ==",
      "cpu": [
        "arm64"
      ],
      "optional": true,
      "os": [
        "android"
      ]
    },
    "node_modules/esbuild-darwin-64": {
      "version": "0.14.14",
      "resolved": "https://registry.npmjs.org/esbuild-darwin-64/-/esbuild-darwin-64-0.14.14.tgz",
      "integrity": "sha512-BEexYmjWafcISK8cT6O98E3TfcLuZL8DKuubry6G54n2+bD4GkoRD6HYUOnCkfl2p7jodA+s4369IjSFSWjtHg==",
      "cpu": [
        "x64"
      ],
      "optional": true,
      "os": [
        "darwin"
      ]
    },
    "node_modules/esbuild-darwin-arm64": {
      "version": "0.14.14",
      "resolved": "https://registry.npmjs.org/esbuild-darwin-arm64/-/esbuild-darwin-arm64-0.14.14.tgz",
      "integrity": "sha512-tnBKm41pDOB1GtZ8q/w26gZlLLRzVmP8fdsduYjvM+yFD7E2DLG4KbPAqFMWm4Md9B+DitBglP57FY7AznxbTg==",
      "cpu": [
        "arm64"
      ],
      "optional": true,
      "os": [
        "darwin"
      ]
    },
    "node_modules/esbuild-freebsd-64": {
      "version": "0.14.14",
      "resolved": "https://registry.npmjs.org/esbuild-freebsd-64/-/esbuild-freebsd-64-0.14.14.tgz",
      "integrity": "sha512-Q9Rx6sgArOHalQtNwAaIzJ6dnQ8A+I7f/RsQsdkS3JrdzmnlFo8JEVofTmwVQLoIop7OKUqIVOGP4PoQcwfVMA==",
      "cpu": [
        "x64"
      ],
      "optional": true,
      "os": [
        "freebsd"
      ]
    },
    "node_modules/esbuild-freebsd-arm64": {
      "version": "0.14.14",
      "resolved": "https://registry.npmjs.org/esbuild-freebsd-arm64/-/esbuild-freebsd-arm64-0.14.14.tgz",
      "integrity": "sha512-TJvq0OpLM7BkTczlyPIphcvnwrQwQDG1HqxzoYePWn26SMUAlt6wrLnEvxdbXAvNvDLVzG83kA+JimjK7aRNBA==",
      "cpu": [
        "arm64"
      ],
      "optional": true,
      "os": [
        "freebsd"
      ]
    },
    "node_modules/esbuild-linux-32": {
      "version": "0.14.14",
      "resolved": "https://registry.npmjs.org/esbuild-linux-32/-/esbuild-linux-32-0.14.14.tgz",
      "integrity": "sha512-h/CrK9Baimt5VRbu8gqibWV7e1P9l+mkanQgyOgv0Ng3jHT1NVFC9e6rb1zbDdaJVmuhWX5xVliUA5bDDCcJeg==",
      "cpu": [
        "ia32"
      ],
      "optional": true,
      "os": [
        "linux"
      ]
    },
    "node_modules/esbuild-linux-64": {
      "version": "0.14.14",
      "resolved": "https://registry.npmjs.org/esbuild-linux-64/-/esbuild-linux-64-0.14.14.tgz",
      "integrity": "sha512-IC+wAiIg/egp5OhQp4W44D9PcBOH1b621iRn1OXmlLzij9a/6BGr9NMIL4CRwz4j2kp3WNZu5sT473tYdynOuQ==",
      "cpu": [
        "x64"
      ],
      "optional": true,
      "os": [
        "linux"
      ]
    },
    "node_modules/esbuild-linux-arm": {
      "version": "0.14.14",
      "resolved": "https://registry.npmjs.org/esbuild-linux-arm/-/esbuild-linux-arm-0.14.14.tgz",
      "integrity": "sha512-gxpOaHOPwp7zSmcKYsHrtxabScMqaTzfSQioAMUaB047YiMuDBzqVcKBG8OuESrYkGrL9DDljXr/mQNg7pbdaQ==",
      "cpu": [
        "arm"
      ],
      "optional": true,
      "os": [
        "linux"
      ]
    },
    "node_modules/esbuild-linux-arm64": {
      "version": "0.14.14",
      "resolved": "https://registry.npmjs.org/esbuild-linux-arm64/-/esbuild-linux-arm64-0.14.14.tgz",
      "integrity": "sha512-6QVul3RI4M5/VxVIRF/I5F+7BaxzR3DfNGoqEVSCZqUbgzHExPn+LXr5ly1C7af2Kw4AHpo+wDqx8A4ziP9avw==",
      "cpu": [
        "arm64"
      ],
      "optional": true,
      "os": [
        "linux"
      ]
    },
    "node_modules/esbuild-linux-mips64le": {
      "version": "0.14.14",
      "resolved": "https://registry.npmjs.org/esbuild-linux-mips64le/-/esbuild-linux-mips64le-0.14.14.tgz",
      "integrity": "sha512-4Jl5/+xoINKbA4cesH3f4R+q0vltAztZ6Jm8YycS8lNhN1pgZJBDxWfI6HUMIAdkKlIpR1PIkA9aXQgZ8sxFAg==",
      "cpu": [
        "mips64el"
      ],
      "optional": true,
      "os": [
        "linux"
      ]
    },
    "node_modules/esbuild-linux-ppc64le": {
      "version": "0.14.14",
      "resolved": "https://registry.npmjs.org/esbuild-linux-ppc64le/-/esbuild-linux-ppc64le-0.14.14.tgz",
      "integrity": "sha512-BitW37GxeebKxqYNl4SVuSdnIJAzH830Lr6Mkq3pBHXtzQay0vK+IeOR/Ele1GtNVJ+/f8wYM53tcThkv5SC5w==",
      "cpu": [
        "ppc64"
      ],
      "optional": true,
      "os": [
        "linux"
      ]
    },
    "node_modules/esbuild-linux-s390x": {
      "version": "0.14.14",
      "resolved": "https://registry.npmjs.org/esbuild-linux-s390x/-/esbuild-linux-s390x-0.14.14.tgz",
      "integrity": "sha512-vLj6p76HOZG3wfuTr5MyO3qW5iu8YdhUNxuY+tx846rPo7GcKtYSPMusQjeVEfZlJpSYoR+yrNBBxq+qVF9zrw==",
      "cpu": [
        "s390x"
      ],
      "optional": true,
      "os": [
        "linux"
      ]
    },
    "node_modules/esbuild-netbsd-64": {
      "version": "0.14.14",
      "resolved": "https://registry.npmjs.org/esbuild-netbsd-64/-/esbuild-netbsd-64-0.14.14.tgz",
      "integrity": "sha512-fn8looXPQhpVqUyCBWUuPjesH+yGIyfbIQrLKG05rr1Kgm3rZD/gaYrd3Wpmf5syVZx70pKZPvdHp8OTA+y7cQ==",
      "cpu": [
        "x64"
      ],
      "optional": true,
      "os": [
        "netbsd"
      ]
    },
    "node_modules/esbuild-openbsd-64": {
      "version": "0.14.14",
      "resolved": "https://registry.npmjs.org/esbuild-openbsd-64/-/esbuild-openbsd-64-0.14.14.tgz",
      "integrity": "sha512-HdAnJ399pPff3SKbd8g+P4o5znseni5u5n5rJ6Z7ouqOdgbOwHe2ofZbMow17WMdNtz1IyOZk2Wo9Ve6/lZ4Rg==",
      "cpu": [
        "x64"
      ],
      "optional": true,
      "os": [
        "openbsd"
      ]
    },
    "node_modules/esbuild-sunos-64": {
      "version": "0.14.14",
      "resolved": "https://registry.npmjs.org/esbuild-sunos-64/-/esbuild-sunos-64-0.14.14.tgz",
      "integrity": "sha512-bmDHa99ulsGnYlh/xjBEfxoGuC8CEG5OWvlgD+pF7bKKiVTbtxqVCvOGEZeoDXB+ja6AvHIbPxrEE32J+m5nqQ==",
      "cpu": [
        "x64"
      ],
      "optional": true,
      "os": [
        "sunos"
      ]
    },
    "node_modules/esbuild-windows-32": {
      "version": "0.14.14",
      "resolved": "https://registry.npmjs.org/esbuild-windows-32/-/esbuild-windows-32-0.14.14.tgz",
      "integrity": "sha512-6tVooQcxJCNenPp5GHZBs/RLu31q4B+BuF4MEoRxswT+Eq2JGF0ZWDRQwNKB8QVIo3t6Svc5wNGez+CwKNQjBg==",
      "cpu": [
        "ia32"
      ],
      "optional": true,
      "os": [
        "win32"
      ]
    },
    "node_modules/esbuild-windows-64": {
      "version": "0.14.14",
      "resolved": "https://registry.npmjs.org/esbuild-windows-64/-/esbuild-windows-64-0.14.14.tgz",
      "integrity": "sha512-kl3BdPXh0/RD/dad41dtzj2itMUR4C6nQbXQCyYHHo4zoUoeIXhpCrSl7BAW1nv5EFL8stT1V+TQVXGZca5A2A==",
      "cpu": [
        "x64"
      ],
      "optional": true,
      "os": [
        "win32"
      ]
    },
    "node_modules/esbuild-windows-arm64": {
      "version": "0.14.14",
      "resolved": "https://registry.npmjs.org/esbuild-windows-arm64/-/esbuild-windows-arm64-0.14.14.tgz",
      "integrity": "sha512-dCm1wTOm6HIisLanmybvRKvaXZZo4yEVrHh1dY0v582GThXJOzuXGja1HIQgV09RpSHYRL3m4KoUBL00l6SWEg==",
      "cpu": [
        "arm64"
      ],
      "optional": true,
      "os": [
        "win32"
      ]
    },
    "node_modules/fsevents": {
      "version": "2.3.2",
      "resolved": "https://registry.npmjs.org/fsevents/-/fsevents-2.3.2.tgz",
      "integrity": "sha512-xiqMQR4xAeHTuB9uWm+fFRcIOgKBMiOBP+eXiyT7jsgVCq1bkVygt00oASowB7EdtpOHaaPgKt812P9ab+DDKA==",
      "hasInstallScript": true,
      "optional": true,
      "os": [
        "darwin"
      ],
      "engines": {
        "node": "^8.16.0 || ^10.6.0 || >=11.0.0"
      }
    },
    "node_modules/html-rewriter-wasm": {
      "version": "0.4.1",
      "resolved": "https://registry.npmjs.org/html-rewriter-wasm/-/html-rewriter-wasm-0.4.1.tgz",
      "integrity": "sha512-lNovG8CMCCmcVB1Q7xggMSf7tqPCijZXaH4gL6iE8BFghdQCbaY5Met9i1x2Ex8m/cZHDUtXK9H6/znKamRP8Q=="
    },
    "node_modules/http-cache-semantics": {
      "version": "4.1.0",
      "resolved": "https://registry.npmjs.org/http-cache-semantics/-/http-cache-semantics-4.1.0.tgz",
      "integrity": "sha512-carPklcUh7ROWRK7Cv27RPtdhYhUsela/ue5/jKzjegVvXDqM2ILE9Q2BGn9JZJh1g87cp56su/FgQSzcWS8cQ=="
    },
    "node_modules/ignore": {
      "version": "5.2.0",
      "resolved": "https://registry.npmjs.org/ignore/-/ignore-5.2.0.tgz",
      "integrity": "sha512-CmxgYGiEPCLhfLnpPp1MoRmifwEIOgjcHXxOBjv7mY96c+eWScsOP9c112ZyLdWHi0FxHjI+4uVhKYp/gcdRmQ==",
      "engines": {
        "node": ">= 4"
      }
    },
    "node_modules/kleur": {
      "version": "4.1.4",
      "resolved": "https://registry.npmjs.org/kleur/-/kleur-4.1.4.tgz",
      "integrity": "sha512-8QADVssbrFjivHWQU7KkMgptGTl6WAcSdlbBPY4uNF+mWr6DGcKrvY2w4FQJoXch7+fKMjj0dRrL75vk3k23OA==",
      "engines": {
        "node": ">=6"
      }
    },
    "node_modules/miniflare": {
      "version": "2.3.0",
      "resolved": "https://registry.npmjs.org/miniflare/-/miniflare-2.3.0.tgz",
      "integrity": "sha512-0lK4Df+jfqLDSDDgj4AOJffb1G6sN7XvB5QGUaquEakW+qPdurydyNhFKcFKBgpk4ozN6WTmB2x802iPXQcJJQ==",
      "dependencies": {
        "@miniflare/cache": "2.3.0",
        "@miniflare/cli-parser": "2.3.0",
        "@miniflare/core": "2.3.0",
        "@miniflare/durable-objects": "2.3.0",
        "@miniflare/html-rewriter": "2.3.0",
        "@miniflare/http-server": "2.3.0",
        "@miniflare/kv": "2.3.0",
        "@miniflare/runner-vm": "2.3.0",
        "@miniflare/scheduler": "2.3.0",
        "@miniflare/shared": "2.3.0",
        "@miniflare/sites": "2.3.0",
        "@miniflare/storage-file": "2.3.0",
        "@miniflare/storage-memory": "2.3.0",
        "@miniflare/web-sockets": "2.3.0",
        "kleur": "^4.1.4",
        "semiver": "^1.1.0",
        "source-map-support": "^0.5.20",
        "undici": "4.13.0"
      },
      "bin": {
        "miniflare": "bootstrap.js"
      },
      "engines": {
        "node": ">=16.7"
      },
      "peerDependencies": {
        "@miniflare/storage-redis": "2.3.0",
        "cron-schedule": "^3.0.4",
        "ioredis": "^4.27.9"
      },
      "peerDependenciesMeta": {
        "@miniflare/storage-redis": {
          "optional": true
        },
        "cron-schedule": {
          "optional": true
        },
        "ioredis": {
          "optional": true
        }
      }
    },
    "node_modules/mustache": {
      "version": "4.2.0",
      "resolved": "https://registry.npmjs.org/mustache/-/mustache-4.2.0.tgz",
      "integrity": "sha512-71ippSywq5Yb7/tVYyGbkBggbU8H3u5Rz56fH60jGFgr8uHwxs+aSKeqmluIVzM0m0kB7xQjKS6qPfd0b2ZoqQ==",
      "bin": {
        "mustache": "bin/mustache"
      }
    },
    "node_modules/node-forge": {
      "version": "1.2.1",
      "resolved": "https://registry.npmjs.org/node-forge/-/node-forge-1.2.1.tgz",
      "integrity": "sha512-Fcvtbb+zBcZXbTTVwqGA5W+MKBj56UjVRevvchv5XrcyXbmNdesfZL37nlcWOfpgHhgmxApw3tQbTr4CqNmX4w==",
      "engines": {
        "node": ">= 6.13.0"
      }
    },
    "node_modules/path-to-regexp": {
      "version": "6.2.0",
      "resolved": "https://registry.npmjs.org/path-to-regexp/-/path-to-regexp-6.2.0.tgz",
      "integrity": "sha512-f66KywYG6+43afgE/8j/GoiNyygk/bnoCbps++3ErRKsIYkGGupyv07R2Ok5m9i67Iqc+T2g1eAUGUPzWhYTyg=="
    },
    "node_modules/selfsigned": {
      "version": "2.0.0",
      "resolved": "https://registry.npmjs.org/selfsigned/-/selfsigned-2.0.0.tgz",
      "integrity": "sha512-cUdFiCbKoa1mZ6osuJs2uDHrs0k0oprsKveFiiaBKCNq3SYyb5gs2HxhQyDNLCmL51ZZThqi4YNDpCK6GOP1iQ==",
      "dependencies": {
        "node-forge": "^1.2.0"
      },
      "engines": {
        "node": ">=10"
      }
    },
    "node_modules/semiver": {
      "version": "1.1.0",
      "resolved": "https://registry.npmjs.org/semiver/-/semiver-1.1.0.tgz",
      "integrity": "sha512-QNI2ChmuioGC1/xjyYwyZYADILWyW6AmS1UH6gDj/SFUUUS4MBAWs/7mxnkRPc/F4iHezDP+O8t0dO8WHiEOdg==",
      "engines": {
        "node": ">=6"
      }
    },
    "node_modules/set-cookie-parser": {
      "version": "2.4.8",
      "resolved": "https://registry.npmjs.org/set-cookie-parser/-/set-cookie-parser-2.4.8.tgz",
      "integrity": "sha512-edRH8mBKEWNVIVMKejNnuJxleqYE/ZSdcT8/Nem9/mmosx12pctd80s2Oy00KNZzrogMZS5mauK2/ymL1bvlvg=="
    },
    "node_modules/source-map": {
      "version": "0.6.1",
      "resolved": "https://registry.npmjs.org/source-map/-/source-map-0.6.1.tgz",
      "integrity": "sha512-UjgapumWlbMhkBgzT7Ykc5YXUT46F0iKu8SGXq0bcwP5dz/h0Plj6enJqjz1Zbq2l5WaqYnrVbwWOWMyF3F47g==",
      "engines": {
        "node": ">=0.10.0"
      }
    },
    "node_modules/source-map-support": {
      "version": "0.5.21",
      "resolved": "https://registry.npmjs.org/source-map-support/-/source-map-support-0.5.21.tgz",
      "integrity": "sha512-uBHU3L3czsIyYXKX88fdrGovxdSCoTGDRZ6SYXtSRxLZUzHg5P/66Ht6uoUlHu9EZod+inXhKo3qQgwXUT/y1w==",
      "dependencies": {
        "buffer-from": "^1.0.0",
        "source-map": "^0.6.0"
      }
    },
    "node_modules/stack-trace": {
      "version": "0.0.10",
      "resolved": "https://registry.npmjs.org/stack-trace/-/stack-trace-0.0.10.tgz",
      "integrity": "sha1-VHxws0fo0ytOEI6hoqFZ5f3eGcA=",
      "engines": {
        "node": "*"
      }
    },
    "node_modules/streamsearch": {
      "version": "0.1.2",
      "resolved": "https://registry.npmjs.org/streamsearch/-/streamsearch-0.1.2.tgz",
      "integrity": "sha1-gIudDlb8Jz2Am6VzOOkpkZoanxo=",
      "engines": {
        "node": ">=0.8.0"
      }
    },
    "node_modules/typescript": {
      "version": "4.5.5",
      "resolved": "https://registry.npmjs.org/typescript/-/typescript-4.5.5.tgz",
      "integrity": "sha512-TCTIul70LyWe6IJWT8QSYeA54WQe8EjQFU4wY52Fasj5UKx88LNYKCgBEHcOMOrFF1rKGbD8v/xcNWVUq9SymA==",
      "dev": true,
      "bin": {
        "tsc": "bin/tsc",
        "tsserver": "bin/tsserver"
      },
      "engines": {
        "node": ">=4.2.0"
      }
    },
    "node_modules/undici": {
      "version": "4.13.0",
      "resolved": "https://registry.npmjs.org/undici/-/undici-4.13.0.tgz",
      "integrity": "sha512-8lk8S/f2V0VUNGf2scU2b+KI2JSzEQLdCyRNRF3XmHu+5jectlSDaPSBCXAHFaUlt1rzngzOBVDgJS9/Gue/KA==",
      "engines": {
        "node": ">=12.18"
      }
    },
    "node_modules/wrangler": {
      "version": "0.0.0-78acd24",
      "resolved": "https://registry.npmjs.org/wrangler/-/wrangler-0.0.0-78acd24.tgz",
      "integrity": "sha512-95/4fywqkjMnFVg5ITKlZkxXcME+OaHjJukWeok8eDjsAEAV0ekKAHR4dr2jqtXoF7F/1nlo9gJGF3DVFODx5Q==",
      "dependencies": {
        "esbuild": "0.14.14",
        "miniflare": "2.3.0",
        "path-to-regexp": "^6.2.0",
        "semiver": "^1.1.0",
        "xxhash-wasm": "^1.0.1"
      },
      "bin": {
        "wrangler": "bin/wrangler.js",
        "wrangler2": "bin/wrangler.js"
      },
      "engines": {
        "node": ">=16.7.0"
      },
      "optionalDependencies": {
        "fsevents": "~2.3.2"
      }
    },
    "node_modules/ws": {
      "version": "8.5.0",
      "resolved": "https://registry.npmjs.org/ws/-/ws-8.5.0.tgz",
      "integrity": "sha512-BWX0SWVgLPzYwF8lTzEy1egjhS4S4OEAHfsO8o65WOVsrnSRGaSiUaa9e0ggGlkMTtBlmOpEXiie9RUcBO86qg==",
      "engines": {
        "node": ">=10.0.0"
      },
      "peerDependencies": {
        "bufferutil": "^4.0.1",
        "utf-8-validate": "^5.0.2"
      },
      "peerDependenciesMeta": {
        "bufferutil": {
          "optional": true
        },
        "utf-8-validate": {
          "optional": true
        }
      }
    },
    "node_modules/xxhash-wasm": {
      "version": "1.0.1",
      "resolved": "https://registry.npmjs.org/xxhash-wasm/-/xxhash-wasm-1.0.1.tgz",
      "integrity": "sha512-Lc9CTvDrH2vRoiaUzz25q7lRaviMhz90pkx6YxR9EPYtF99yOJnv2cB+CQ0hp/TLoqrUsk8z/W2EN31T568Azw=="
    },
    "node_modules/youch": {
      "version": "2.2.2",
      "resolved": "https://registry.npmjs.org/youch/-/youch-2.2.2.tgz",
      "integrity": "sha512-/FaCeG3GkuJwaMR34GHVg0l8jCbafZLHiFowSjqLlqhC6OMyf2tPJBu8UirF7/NI9X/R5ai4QfEKUCOxMAGxZQ==",
      "dependencies": {
        "@types/stack-trace": "0.0.29",
        "cookie": "^0.4.1",
        "mustache": "^4.2.0",
        "stack-trace": "0.0.10"
      }
    }
  },
  "dependencies": {
    "@cloudflare/workers-types": {
      "version": "3.3.1",
      "resolved": "https://registry.npmjs.org/@cloudflare/workers-types/-/workers-types-3.3.1.tgz",
      "integrity": "sha512-GJFDgWd8ZHlr/m+Q2mp4xUl0/FIPpR6kf0Ix2C78E9HeJyUCW0c0w2EKCvgEDFFKB2rkzIX3eBqZCnLsbsw8zQ==",
      "dev": true
    },
    "@iarna/toml": {
      "version": "2.2.5",
      "resolved": "https://registry.npmjs.org/@iarna/toml/-/toml-2.2.5.tgz",
      "integrity": "sha512-trnsAYxU3xnS1gPHPyU961coFyLkh4gAD/0zQ5mymY4yOZ+CYvsPqUbOFSw0aDM4y0tV7tiFxL/1XfXPNC6IPg=="
    },
    "@miniflare/cache": {
      "version": "2.3.0",
      "resolved": "https://registry.npmjs.org/@miniflare/cache/-/cache-2.3.0.tgz",
      "integrity": "sha512-lOf3WVtrs0ac7KOtsQ+JOGHWR90zsqqJbolE+Wt4hIZuvM2U3t1RD2Ms7U20J301msVIsBAd02IL57H95LXQtQ==",
      "requires": {
        "@miniflare/core": "2.3.0",
        "@miniflare/shared": "2.3.0",
        "http-cache-semantics": "^4.1.0",
        "undici": "4.13.0"
      }
    },
    "@miniflare/cli-parser": {
      "version": "2.3.0",
      "resolved": "https://registry.npmjs.org/@miniflare/cli-parser/-/cli-parser-2.3.0.tgz",
      "integrity": "sha512-yQzU+OBBvWshr9qVxAe6bWXJLNfpmLYrfkfR3u+rPOo2LYnccWg0f/8jtxrXM1TIyu+tCOJGqCODpO//XtrwWw==",
      "requires": {
        "@miniflare/shared": "2.3.0",
        "kleur": "^4.1.4"
      }
    },
    "@miniflare/core": {
      "version": "2.3.0",
      "resolved": "https://registry.npmjs.org/@miniflare/core/-/core-2.3.0.tgz",
      "integrity": "sha512-Dltb3p+Uq5Lx53DuInckHYaDoMrBq49HE/p/oUDXmzHmQy7EAM6v+nJGKmiM9Uen4OqyqsmlmPWqntSMjaX7Jg==",
      "requires": {
        "@iarna/toml": "^2.2.5",
        "@miniflare/shared": "2.3.0",
        "@miniflare/watcher": "2.3.0",
        "busboy": "^0.3.1",
        "dotenv": "^10.0.0",
        "kleur": "^4.1.4",
        "set-cookie-parser": "^2.4.8",
        "undici": "4.13.0"
      }
    },
    "@miniflare/durable-objects": {
      "version": "2.3.0",
      "resolved": "https://registry.npmjs.org/@miniflare/durable-objects/-/durable-objects-2.3.0.tgz",
      "integrity": "sha512-YuzxBBu9xBU3xxD4TzGdeVVMXrE76AWJE4MIqkJR5UmASqayyv//cApGw3+C01NHe07cpbrTM1QTgFo2eBncwQ==",
      "requires": {
        "@miniflare/core": "2.3.0",
        "@miniflare/shared": "2.3.0",
        "@miniflare/storage-memory": "2.3.0",
        "undici": "4.13.0"
      }
    },
    "@miniflare/html-rewriter": {
      "version": "2.3.0",
      "resolved": "https://registry.npmjs.org/@miniflare/html-rewriter/-/html-rewriter-2.3.0.tgz",
      "integrity": "sha512-cyWhmQgzhtRlBeg0mxP5FmAq/75ChuLwWQlhokx88XkGnteuh0/DOk3OxIMaveF2oDHKmIlLFgSlzv4NbT1Mng==",
      "requires": {
        "@miniflare/core": "2.3.0",
        "@miniflare/shared": "2.3.0",
        "html-rewriter-wasm": "^0.4.1",
        "undici": "4.13.0"
      }
    },
    "@miniflare/http-server": {
      "version": "2.3.0",
      "resolved": "https://registry.npmjs.org/@miniflare/http-server/-/http-server-2.3.0.tgz",
      "integrity": "sha512-jTzsRuro3yWVb4T85znBGw1w+ydimgi2PJvHrTuGFKDjFam+R037fGH+HZCAjAgPiBHTroXfkeSXypJLXbQBEg==",
      "requires": {
        "@miniflare/core": "2.3.0",
        "@miniflare/shared": "2.3.0",
        "@miniflare/web-sockets": "2.3.0",
        "kleur": "^4.1.4",
        "selfsigned": "^2.0.0",
        "undici": "4.13.0",
        "ws": "^8.2.2",
        "youch": "^2.2.2"
      }
    },
    "@miniflare/kv": {
      "version": "2.3.0",
      "resolved": "https://registry.npmjs.org/@miniflare/kv/-/kv-2.3.0.tgz",
      "integrity": "sha512-m0zu5sRoaFDm+WVTnLRrz8+77b6eVxQN7cLN6ZQiKP3Nd8cAggPdaIIef8dVksWbPvOW9DztoUVZTB1v9EOaLA==",
      "requires": {
        "@miniflare/shared": "2.3.0"
      }
    },
    "@miniflare/runner-vm": {
      "version": "2.3.0",
      "resolved": "https://registry.npmjs.org/@miniflare/runner-vm/-/runner-vm-2.3.0.tgz",
      "integrity": "sha512-/aB997YodNcRFxtlnvEn4BJSIqKXRw29FexOqCWwWv+b7XQkTTxd4IfSocIFi6du3265gp85icqP/hxsLAQBVg==",
      "requires": {
        "@miniflare/shared": "2.3.0"
      }
    },
    "@miniflare/scheduler": {
      "version": "2.3.0",
      "resolved": "https://registry.npmjs.org/@miniflare/scheduler/-/scheduler-2.3.0.tgz",
      "integrity": "sha512-Er80srMNXbxqGbYXtiZkD8UlveHsw4cpwcytQgsEJCHG7/48vC/rpmtN0zKOWFEHifaOUvHhURZRJu+S2E4Stg==",
      "requires": {
        "@miniflare/core": "2.3.0",
        "@miniflare/shared": "2.3.0",
        "cron-schedule": "^3.0.4"
      }
    },
    "@miniflare/shared": {
      "version": "2.3.0",
      "resolved": "https://registry.npmjs.org/@miniflare/shared/-/shared-2.3.0.tgz",
      "integrity": "sha512-TvCSUe1op5AKINx3zHSSdfAbdoV3eSF3MzeVQA4+1NmtuefY8cjujQCdILeAxg3oPbHXaZkc7j1zZ13rYdvwGQ==",
      "requires": {
        "ignore": "^5.1.8",
        "kleur": "^4.1.4"
      }
    },
    "@miniflare/sites": {
      "version": "2.3.0",
      "resolved": "https://registry.npmjs.org/@miniflare/sites/-/sites-2.3.0.tgz",
      "integrity": "sha512-WkRBxQbf6k/eS1D/D1mw30Zs253TFeIkWFh8HQ8Z36Kdt79rNVezT9YmRpahUfvYXmubTquV5JftNOAhvbOJXA==",
      "requires": {
        "@miniflare/kv": "2.3.0",
        "@miniflare/shared": "2.3.0",
        "@miniflare/storage-file": "2.3.0"
      }
    },
    "@miniflare/storage-file": {
      "version": "2.3.0",
      "resolved": "https://registry.npmjs.org/@miniflare/storage-file/-/storage-file-2.3.0.tgz",
      "integrity": "sha512-1rda/MC0R8wVC6N7Na2EdSGNAZv6o/yugp7Z+GikJ1vbgi1+9soAczDzFtaq4jrBzAkCFOMT79DgkSKSl59vxg==",
      "requires": {
        "@miniflare/shared": "2.3.0",
        "@miniflare/storage-memory": "2.3.0"
      }
    },
    "@miniflare/storage-memory": {
      "version": "2.3.0",
      "resolved": "https://registry.npmjs.org/@miniflare/storage-memory/-/storage-memory-2.3.0.tgz",
      "integrity": "sha512-cMqQK9neRySchoNUVhQYOmLFrYkAjT5V113Wfxmsz93dladQ1/mXOsndqPrlb+5hhnwbw4Ns67nyzkHUe9sX/g==",
      "requires": {
        "@miniflare/shared": "2.3.0"
      }
    },
    "@miniflare/watcher": {
      "version": "2.3.0",
      "resolved": "https://registry.npmjs.org/@miniflare/watcher/-/watcher-2.3.0.tgz",
      "integrity": "sha512-G0ZE9WHIcdR2TlPXwwQabULDIMZ9LujfC0tn+yXmPXKxgWoJWcWFmUbkhVDcOJzkIz2TAhRlLbW11n8nChUHFQ==",
      "requires": {
        "@miniflare/shared": "2.3.0"
      }
    },
    "@miniflare/web-sockets": {
      "version": "2.3.0",
      "resolved": "https://registry.npmjs.org/@miniflare/web-sockets/-/web-sockets-2.3.0.tgz",
      "integrity": "sha512-3xcPG1vfiMb2obVC4jNtS5VzUxzM1rdUrWPCG86gpZaHky0xC1U7Tp+eFdxQFTty99HPYrrVKXl1ww2h1LGWRA==",
      "requires": {
        "@miniflare/core": "2.3.0",
        "@miniflare/shared": "2.3.0",
        "undici": "4.13.0",
        "ws": "^8.2.2"
      }
    },
    "@types/stack-trace": {
      "version": "0.0.29",
      "resolved": "https://registry.npmjs.org/@types/stack-trace/-/stack-trace-0.0.29.tgz",
      "integrity": "sha512-TgfOX+mGY/NyNxJLIbDWrO9DjGoVSW9+aB8H2yy1fy32jsvxijhmyJI9fDFgvz3YP4lvJaq9DzdR/M1bOgVc9g=="
    },
    "buffer-from": {
      "version": "1.1.2",
      "resolved": "https://registry.npmjs.org/buffer-from/-/buffer-from-1.1.2.tgz",
      "integrity": "sha512-E+XQCRwSbaaiChtv6k6Dwgc+bx+Bs6vuKJHHl5kox/BaKbhiXzqQOwK4cO22yElGp2OCmjwVhT3HmxgyPGnJfQ=="
    },
    "busboy": {
      "version": "0.3.1",
      "resolved": "https://registry.npmjs.org/busboy/-/busboy-0.3.1.tgz",
      "integrity": "sha512-y7tTxhGKXcyBxRKAni+awqx8uqaJKrSFSNFSeRG5CsWNdmy2BIK+6VGWEW7TZnIO/533mtMEA4rOevQV815YJw==",
      "requires": {
        "dicer": "0.3.0"
      }
    },
    "cookie": {
      "version": "0.4.2",
      "resolved": "https://registry.npmjs.org/cookie/-/cookie-0.4.2.tgz",
      "integrity": "sha512-aSWTXFzaKWkvHO1Ny/s+ePFpvKsPnjc551iI41v3ny/ow6tBG5Vd+FuqGNhh1LxOmVzOlGUriIlOaokOvhaStA=="
    },
    "cron-schedule": {
      "version": "3.0.4",
      "resolved": "https://registry.npmjs.org/cron-schedule/-/cron-schedule-3.0.4.tgz",
      "integrity": "sha512-wEspID2dNPfWyh7t2ZvE4Izunzk20QacZg8oZcqfTrN1j5kImj0CEYT3ZGZo+KqGQUgRc9tKlEJmY4uFVt4ccA=="
    },
    "dicer": {
      "version": "0.3.0",
      "resolved": "https://registry.npmjs.org/dicer/-/dicer-0.3.0.tgz",
      "integrity": "sha512-MdceRRWqltEG2dZqO769g27N/3PXfcKl04VhYnBlo2YhH7zPi88VebsjTKclaOyiuMaGU72hTfw3VkUitGcVCA==",
      "requires": {
        "streamsearch": "0.1.2"
      }
    },
    "dotenv": {
      "version": "10.0.0",
      "resolved": "https://registry.npmjs.org/dotenv/-/dotenv-10.0.0.tgz",
      "integrity": "sha512-rlBi9d8jpv9Sf1klPjNfFAuWDjKLwTIJJ/VxtoTwIR6hnZxcEOQCZg2oIL3MWBYw5GpUDKOEnND7LXTbIpQ03Q=="
    },
    "esbuild": {
      "version": "0.14.14",
      "resolved": "https://registry.npmjs.org/esbuild/-/esbuild-0.14.14.tgz",
      "integrity": "sha512-aiK4ddv+uui0k52OqSHu4xxu+SzOim7Rlz4i25pMEiC8rlnGU0HJ9r+ZMfdWL5bzifg+nhnn7x4NSWTeehYblg==",
      "requires": {
        "esbuild-android-arm64": "0.14.14",
        "esbuild-darwin-64": "0.14.14",
        "esbuild-darwin-arm64": "0.14.14",
        "esbuild-freebsd-64": "0.14.14",
        "esbuild-freebsd-arm64": "0.14.14",
        "esbuild-linux-32": "0.14.14",
        "esbuild-linux-64": "0.14.14",
        "esbuild-linux-arm": "0.14.14",
        "esbuild-linux-arm64": "0.14.14",
        "esbuild-linux-mips64le": "0.14.14",
        "esbuild-linux-ppc64le": "0.14.14",
        "esbuild-linux-s390x": "0.14.14",
        "esbuild-netbsd-64": "0.14.14",
        "esbuild-openbsd-64": "0.14.14",
        "esbuild-sunos-64": "0.14.14",
        "esbuild-windows-32": "0.14.14",
        "esbuild-windows-64": "0.14.14",
        "esbuild-windows-arm64": "0.14.14"
      }
    },
    "esbuild-android-arm64": {
      "version": "0.14.14",
      "resolved": "https://registry.npmjs.org/esbuild-android-arm64/-/esbuild-android-arm64-0.14.14.tgz",
      "integrity": "sha512-be/Uw6DdpQiPfula1J4bdmA+wtZ6T3BRCZsDMFB5X+k0Gp8TIh9UvmAcqvKNnbRAafSaXG3jPCeXxDKqnc8hFQ==",
      "optional": true
    },
    "esbuild-darwin-64": {
      "version": "0.14.14",
      "resolved": "https://registry.npmjs.org/esbuild-darwin-64/-/esbuild-darwin-64-0.14.14.tgz",
      "integrity": "sha512-BEexYmjWafcISK8cT6O98E3TfcLuZL8DKuubry6G54n2+bD4GkoRD6HYUOnCkfl2p7jodA+s4369IjSFSWjtHg==",
      "optional": true
    },
    "esbuild-darwin-arm64": {
      "version": "0.14.14",
      "resolved": "https://registry.npmjs.org/esbuild-darwin-arm64/-/esbuild-darwin-arm64-0.14.14.tgz",
      "integrity": "sha512-tnBKm41pDOB1GtZ8q/w26gZlLLRzVmP8fdsduYjvM+yFD7E2DLG4KbPAqFMWm4Md9B+DitBglP57FY7AznxbTg==",
      "optional": true
    },
    "esbuild-freebsd-64": {
      "version": "0.14.14",
      "resolved": "https://registry.npmjs.org/esbuild-freebsd-64/-/esbuild-freebsd-64-0.14.14.tgz",
      "integrity": "sha512-Q9Rx6sgArOHalQtNwAaIzJ6dnQ8A+I7f/RsQsdkS3JrdzmnlFo8JEVofTmwVQLoIop7OKUqIVOGP4PoQcwfVMA==",
      "optional": true
    },
    "esbuild-freebsd-arm64": {
      "version": "0.14.14",
      "resolved": "https://registry.npmjs.org/esbuild-freebsd-arm64/-/esbuild-freebsd-arm64-0.14.14.tgz",
      "integrity": "sha512-TJvq0OpLM7BkTczlyPIphcvnwrQwQDG1HqxzoYePWn26SMUAlt6wrLnEvxdbXAvNvDLVzG83kA+JimjK7aRNBA==",
      "optional": true
    },
    "esbuild-linux-32": {
      "version": "0.14.14",
      "resolved": "https://registry.npmjs.org/esbuild-linux-32/-/esbuild-linux-32-0.14.14.tgz",
      "integrity": "sha512-h/CrK9Baimt5VRbu8gqibWV7e1P9l+mkanQgyOgv0Ng3jHT1NVFC9e6rb1zbDdaJVmuhWX5xVliUA5bDDCcJeg==",
      "optional": true
    },
    "esbuild-linux-64": {
      "version": "0.14.14",
      "resolved": "https://registry.npmjs.org/esbuild-linux-64/-/esbuild-linux-64-0.14.14.tgz",
      "integrity": "sha512-IC+wAiIg/egp5OhQp4W44D9PcBOH1b621iRn1OXmlLzij9a/6BGr9NMIL4CRwz4j2kp3WNZu5sT473tYdynOuQ==",
      "optional": true
    },
    "esbuild-linux-arm": {
      "version": "0.14.14",
      "resolved": "https://registry.npmjs.org/esbuild-linux-arm/-/esbuild-linux-arm-0.14.14.tgz",
      "integrity": "sha512-gxpOaHOPwp7zSmcKYsHrtxabScMqaTzfSQioAMUaB047YiMuDBzqVcKBG8OuESrYkGrL9DDljXr/mQNg7pbdaQ==",
      "optional": true
    },
    "esbuild-linux-arm64": {
      "version": "0.14.14",
      "resolved": "https://registry.npmjs.org/esbuild-linux-arm64/-/esbuild-linux-arm64-0.14.14.tgz",
      "integrity": "sha512-6QVul3RI4M5/VxVIRF/I5F+7BaxzR3DfNGoqEVSCZqUbgzHExPn+LXr5ly1C7af2Kw4AHpo+wDqx8A4ziP9avw==",
      "optional": true
    },
    "esbuild-linux-mips64le": {
      "version": "0.14.14",
      "resolved": "https://registry.npmjs.org/esbuild-linux-mips64le/-/esbuild-linux-mips64le-0.14.14.tgz",
      "integrity": "sha512-4Jl5/+xoINKbA4cesH3f4R+q0vltAztZ6Jm8YycS8lNhN1pgZJBDxWfI6HUMIAdkKlIpR1PIkA9aXQgZ8sxFAg==",
      "optional": true
    },
    "esbuild-linux-ppc64le": {
      "version": "0.14.14",
      "resolved": "https://registry.npmjs.org/esbuild-linux-ppc64le/-/esbuild-linux-ppc64le-0.14.14.tgz",
      "integrity": "sha512-BitW37GxeebKxqYNl4SVuSdnIJAzH830Lr6Mkq3pBHXtzQay0vK+IeOR/Ele1GtNVJ+/f8wYM53tcThkv5SC5w==",
      "optional": true
    },
    "esbuild-linux-s390x": {
      "version": "0.14.14",
      "resolved": "https://registry.npmjs.org/esbuild-linux-s390x/-/esbuild-linux-s390x-0.14.14.tgz",
      "integrity": "sha512-vLj6p76HOZG3wfuTr5MyO3qW5iu8YdhUNxuY+tx846rPo7GcKtYSPMusQjeVEfZlJpSYoR+yrNBBxq+qVF9zrw==",
      "optional": true
    },
    "esbuild-netbsd-64": {
      "version": "0.14.14",
      "resolved": "https://registry.npmjs.org/esbuild-netbsd-64/-/esbuild-netbsd-64-0.14.14.tgz",
      "integrity": "sha512-fn8looXPQhpVqUyCBWUuPjesH+yGIyfbIQrLKG05rr1Kgm3rZD/gaYrd3Wpmf5syVZx70pKZPvdHp8OTA+y7cQ==",
      "optional": true
    },
    "esbuild-openbsd-64": {
      "version": "0.14.14",
      "resolved": "https://registry.npmjs.org/esbuild-openbsd-64/-/esbuild-openbsd-64-0.14.14.tgz",
      "integrity": "sha512-HdAnJ399pPff3SKbd8g+P4o5znseni5u5n5rJ6Z7ouqOdgbOwHe2ofZbMow17WMdNtz1IyOZk2Wo9Ve6/lZ4Rg==",
      "optional": true
    },
    "esbuild-sunos-64": {
      "version": "0.14.14",
      "resolved": "https://registry.npmjs.org/esbuild-sunos-64/-/esbuild-sunos-64-0.14.14.tgz",
      "integrity": "sha512-bmDHa99ulsGnYlh/xjBEfxoGuC8CEG5OWvlgD+pF7bKKiVTbtxqVCvOGEZeoDXB+ja6AvHIbPxrEE32J+m5nqQ==",
      "optional": true
    },
    "esbuild-windows-32": {
      "version": "0.14.14",
      "resolved": "https://registry.npmjs.org/esbuild-windows-32/-/esbuild-windows-32-0.14.14.tgz",
      "integrity": "sha512-6tVooQcxJCNenPp5GHZBs/RLu31q4B+BuF4MEoRxswT+Eq2JGF0ZWDRQwNKB8QVIo3t6Svc5wNGez+CwKNQjBg==",
      "optional": true
    },
    "esbuild-windows-64": {
      "version": "0.14.14",
      "resolved": "https://registry.npmjs.org/esbuild-windows-64/-/esbuild-windows-64-0.14.14.tgz",
      "integrity": "sha512-kl3BdPXh0/RD/dad41dtzj2itMUR4C6nQbXQCyYHHo4zoUoeIXhpCrSl7BAW1nv5EFL8stT1V+TQVXGZca5A2A==",
      "optional": true
    },
    "esbuild-windows-arm64": {
      "version": "0.14.14",
      "resolved": "https://registry.npmjs.org/esbuild-windows-arm64/-/esbuild-windows-arm64-0.14.14.tgz",
      "integrity": "sha512-dCm1wTOm6HIisLanmybvRKvaXZZo4yEVrHh1dY0v582GThXJOzuXGja1HIQgV09RpSHYRL3m4KoUBL00l6SWEg==",
      "optional": true
    },
    "fsevents": {
      "version": "2.3.2",
      "resolved": "https://registry.npmjs.org/fsevents/-/fsevents-2.3.2.tgz",
      "integrity": "sha512-xiqMQR4xAeHTuB9uWm+fFRcIOgKBMiOBP+eXiyT7jsgVCq1bkVygt00oASowB7EdtpOHaaPgKt812P9ab+DDKA==",
      "optional": true
    },
    "html-rewriter-wasm": {
      "version": "0.4.1",
      "resolved": "https://registry.npmjs.org/html-rewriter-wasm/-/html-rewriter-wasm-0.4.1.tgz",
      "integrity": "sha512-lNovG8CMCCmcVB1Q7xggMSf7tqPCijZXaH4gL6iE8BFghdQCbaY5Met9i1x2Ex8m/cZHDUtXK9H6/znKamRP8Q=="
    },
    "http-cache-semantics": {
      "version": "4.1.0",
      "resolved": "https://registry.npmjs.org/http-cache-semantics/-/http-cache-semantics-4.1.0.tgz",
      "integrity": "sha512-carPklcUh7ROWRK7Cv27RPtdhYhUsela/ue5/jKzjegVvXDqM2ILE9Q2BGn9JZJh1g87cp56su/FgQSzcWS8cQ=="
    },
    "ignore": {
      "version": "5.2.0",
      "resolved": "https://registry.npmjs.org/ignore/-/ignore-5.2.0.tgz",
      "integrity": "sha512-CmxgYGiEPCLhfLnpPp1MoRmifwEIOgjcHXxOBjv7mY96c+eWScsOP9c112ZyLdWHi0FxHjI+4uVhKYp/gcdRmQ=="
    },
    "kleur": {
      "version": "4.1.4",
      "resolved": "https://registry.npmjs.org/kleur/-/kleur-4.1.4.tgz",
      "integrity": "sha512-8QADVssbrFjivHWQU7KkMgptGTl6WAcSdlbBPY4uNF+mWr6DGcKrvY2w4FQJoXch7+fKMjj0dRrL75vk3k23OA=="
    },
    "miniflare": {
      "version": "2.3.0",
      "resolved": "https://registry.npmjs.org/miniflare/-/miniflare-2.3.0.tgz",
      "integrity": "sha512-0lK4Df+jfqLDSDDgj4AOJffb1G6sN7XvB5QGUaquEakW+qPdurydyNhFKcFKBgpk4ozN6WTmB2x802iPXQcJJQ==",
      "requires": {
        "@miniflare/cache": "2.3.0",
        "@miniflare/cli-parser": "2.3.0",
        "@miniflare/core": "2.3.0",
        "@miniflare/durable-objects": "2.3.0",
        "@miniflare/html-rewriter": "2.3.0",
        "@miniflare/http-server": "2.3.0",
        "@miniflare/kv": "2.3.0",
        "@miniflare/runner-vm": "2.3.0",
        "@miniflare/scheduler": "2.3.0",
        "@miniflare/shared": "2.3.0",
        "@miniflare/sites": "2.3.0",
        "@miniflare/storage-file": "2.3.0",
        "@miniflare/storage-memory": "2.3.0",
        "@miniflare/web-sockets": "2.3.0",
        "kleur": "^4.1.4",
        "semiver": "^1.1.0",
        "source-map-support": "^0.5.20",
        "undici": "4.13.0"
      }
    },
    "mustache": {
      "version": "4.2.0",
      "resolved": "https://registry.npmjs.org/mustache/-/mustache-4.2.0.tgz",
      "integrity": "sha512-71ippSywq5Yb7/tVYyGbkBggbU8H3u5Rz56fH60jGFgr8uHwxs+aSKeqmluIVzM0m0kB7xQjKS6qPfd0b2ZoqQ=="
    },
    "node-forge": {
      "version": "1.2.1",
      "resolved": "https://registry.npmjs.org/node-forge/-/node-forge-1.2.1.tgz",
      "integrity": "sha512-Fcvtbb+zBcZXbTTVwqGA5W+MKBj56UjVRevvchv5XrcyXbmNdesfZL37nlcWOfpgHhgmxApw3tQbTr4CqNmX4w=="
    },
    "path-to-regexp": {
      "version": "6.2.0",
      "resolved": "https://registry.npmjs.org/path-to-regexp/-/path-to-regexp-6.2.0.tgz",
      "integrity": "sha512-f66KywYG6+43afgE/8j/GoiNyygk/bnoCbps++3ErRKsIYkGGupyv07R2Ok5m9i67Iqc+T2g1eAUGUPzWhYTyg=="
    },
    "selfsigned": {
      "version": "2.0.0",
      "resolved": "https://registry.npmjs.org/selfsigned/-/selfsigned-2.0.0.tgz",
      "integrity": "sha512-cUdFiCbKoa1mZ6osuJs2uDHrs0k0oprsKveFiiaBKCNq3SYyb5gs2HxhQyDNLCmL51ZZThqi4YNDpCK6GOP1iQ==",
      "requires": {
        "node-forge": "^1.2.0"
      }
    },
    "semiver": {
      "version": "1.1.0",
      "resolved": "https://registry.npmjs.org/semiver/-/semiver-1.1.0.tgz",
      "integrity": "sha512-QNI2ChmuioGC1/xjyYwyZYADILWyW6AmS1UH6gDj/SFUUUS4MBAWs/7mxnkRPc/F4iHezDP+O8t0dO8WHiEOdg=="
    },
    "set-cookie-parser": {
      "version": "2.4.8",
      "resolved": "https://registry.npmjs.org/set-cookie-parser/-/set-cookie-parser-2.4.8.tgz",
      "integrity": "sha512-edRH8mBKEWNVIVMKejNnuJxleqYE/ZSdcT8/Nem9/mmosx12pctd80s2Oy00KNZzrogMZS5mauK2/ymL1bvlvg=="
    },
    "source-map": {
      "version": "0.6.1",
      "resolved": "https://registry.npmjs.org/source-map/-/source-map-0.6.1.tgz",
      "integrity": "sha512-UjgapumWlbMhkBgzT7Ykc5YXUT46F0iKu8SGXq0bcwP5dz/h0Plj6enJqjz1Zbq2l5WaqYnrVbwWOWMyF3F47g=="
    },
    "source-map-support": {
      "version": "0.5.21",
      "resolved": "https://registry.npmjs.org/source-map-support/-/source-map-support-0.5.21.tgz",
      "integrity": "sha512-uBHU3L3czsIyYXKX88fdrGovxdSCoTGDRZ6SYXtSRxLZUzHg5P/66Ht6uoUlHu9EZod+inXhKo3qQgwXUT/y1w==",
      "requires": {
        "buffer-from": "^1.0.0",
        "source-map": "^0.6.0"
      }
    },
    "stack-trace": {
      "version": "0.0.10",
      "resolved": "https://registry.npmjs.org/stack-trace/-/stack-trace-0.0.10.tgz",
      "integrity": "sha1-VHxws0fo0ytOEI6hoqFZ5f3eGcA="
    },
    "streamsearch": {
      "version": "0.1.2",
      "resolved": "https://registry.npmjs.org/streamsearch/-/streamsearch-0.1.2.tgz",
      "integrity": "sha1-gIudDlb8Jz2Am6VzOOkpkZoanxo="
    },
    "typescript": {
      "version": "4.5.5",
      "resolved": "https://registry.npmjs.org/typescript/-/typescript-4.5.5.tgz",
      "integrity": "sha512-TCTIul70LyWe6IJWT8QSYeA54WQe8EjQFU4wY52Fasj5UKx88LNYKCgBEHcOMOrFF1rKGbD8v/xcNWVUq9SymA==",
      "dev": true
    },
    "undici": {
      "version": "4.13.0",
      "resolved": "https://registry.npmjs.org/undici/-/undici-4.13.0.tgz",
      "integrity": "sha512-8lk8S/f2V0VUNGf2scU2b+KI2JSzEQLdCyRNRF3XmHu+5jectlSDaPSBCXAHFaUlt1rzngzOBVDgJS9/Gue/KA=="
    },
    "wrangler": {
      "version": "0.0.0-78acd24",
      "resolved": "https://registry.npmjs.org/wrangler/-/wrangler-0.0.0-78acd24.tgz",
      "integrity": "sha512-95/4fywqkjMnFVg5ITKlZkxXcME+OaHjJukWeok8eDjsAEAV0ekKAHR4dr2jqtXoF7F/1nlo9gJGF3DVFODx5Q==",
      "requires": {
        "esbuild": "0.14.14",
        "fsevents": "~2.3.2",
        "miniflare": "2.3.0",
        "path-to-regexp": "^6.2.0",
        "semiver": "^1.1.0",
        "xxhash-wasm": "^1.0.1"
      }
    },
    "ws": {
      "version": "8.5.0",
      "resolved": "https://registry.npmjs.org/ws/-/ws-8.5.0.tgz",
      "integrity": "sha512-BWX0SWVgLPzYwF8lTzEy1egjhS4S4OEAHfsO8o65WOVsrnSRGaSiUaa9e0ggGlkMTtBlmOpEXiie9RUcBO86qg==",
      "requires": {}
    },
    "xxhash-wasm": {
      "version": "1.0.1",
      "resolved": "https://registry.npmjs.org/xxhash-wasm/-/xxhash-wasm-1.0.1.tgz",
      "integrity": "sha512-Lc9CTvDrH2vRoiaUzz25q7lRaviMhz90pkx6YxR9EPYtF99yOJnv2cB+CQ0hp/TLoqrUsk8z/W2EN31T568Azw=="
    },
    "youch": {
      "version": "2.2.2",
      "resolved": "https://registry.npmjs.org/youch/-/youch-2.2.2.tgz",
      "integrity": "sha512-/FaCeG3GkuJwaMR34GHVg0l8jCbafZLHiFowSjqLlqhC6OMyf2tPJBu8UirF7/NI9X/R5ai4QfEKUCOxMAGxZQ==",
      "requires": {
        "@types/stack-trace": "0.0.29",
        "cookie": "^0.4.1",
        "mustache": "^4.2.0",
        "stack-trace": "0.0.10"
      }
    }
  }
}
